
Microsoft Visual Studio Solution File, Format Version 12.00
# Visual Studio Version 16
VisualStudioVersion = 16.0.32126.315
MinimumVisualStudioVersion = 10.0.40219.1
Project("{FAE04EC0-301F-11D3-BF4B-00C04F79EFBC}") = "StudentManager_Winforms", "StudentManager_Winforms\StudentManager_Winforms.csproj", "{2357D05D-3603-4A86-9DA1-C7B8793593DC}"
EndProject
Project("{FAE04EC0-301F-11D3-BF4B-00C04F79EFBC}") = "StudentManager.Service", "StudentManager.Service\StudentManager.Service.csproj", "{3BAA01A6-5346-41A7-9E4F-B893E41A7AF5}"
EndProject
Project("{FAE04EC0-301F-11D3-BF4B-00C04F79EFBC}") = "StudentManager.Data", "StudentManager.Data\StudentManager.Data.csproj", "{2719808F-E3E6-4894-BD83-E78C654EFE9C}"
EndProject
Project("{FAE04EC0-301F-11D3-BF4B-00C04F79EFBC}") = "ClassLibrary1", "ClassLibrary1\ClassLibrary1.csproj", "{69741EC7-D4BE-4E32-A0D2-6010755F4EB7}"
EndProject
Global
	GlobalSection(SolutionConfigurationPlatforms) = preSolution
		Debug|Any CPU = Debug|Any CPU
		Release|Any CPU = Release|Any CPU
	EndGlobalSection
	GlobalSection(ProjectConfigurationPlatforms) = postSolution
		{2357D05D-3603-4A86-9DA1-C7B8793593DC}.Debug|Any CPU.ActiveCfg = Debug|Any CPU
		{2357D05D-3603-4A86-9DA1-C7B8793593DC}.Debug|Any CPU.Build.0 = Debug|Any CPU
		{2357D05D-3603-4A86-9DA1-C7B8793593DC}.Release|Any CPU.ActiveCfg = Release|Any CPU
		{2357D05D-3603-4A86-9DA1-C7B8793593DC}.Release|Any CPU.Build.0 = Release|Any CPU
		{3BAA01A6-5346-41A7-9E4F-B893E41A7AF5}.Debug|Any CPU.ActiveCfg = Debug|Any CPU
		{3BAA01A6-5346-41A7-9E4F-B893E41A7AF5}.Debug|Any CPU.Build.0 = Debug|Any CPU
		{3BAA01A6-5346-41A7-9E4F-B893E41A7AF5}.Release|Any CPU.ActiveCfg = Release|Any CPU
		{3BAA01A6-5346-41A7-9E4F-B893E41A7AF5}.Release|Any CPU.Build.0 = Release|Any CPU
		{2719808F-E3E6-4894-BD83-E78C654EFE9C}.Debug|Any CPU.ActiveCfg = Debug|Any CPU
		{2719808F-E3E6-4894-BD83-E78C654EFE9C}.Debug|Any CPU.Build.0 = Debug|Any CPU
		{2719808F-E3E6-4894-BD83-E78C654EFE9C}.Release|Any CPU.ActiveCfg = Release|Any CPU
		{2719808F-E3E6-4894-BD83-E78C654EFE9C}.Release|Any CPU.Build.0 = Release|Any CPU
		{69741EC7-D4BE-4E32-A0D2-6010755F4EB7}.Debug|Any CPU.ActiveCfg = Debug|Any CPU
		{69741EC7-D4BE-4E32-A0D2-6010755F4EB7}.Debug|Any CPU.Build.0 = Debug|Any CPU
		{69741EC7-D4BE-4E32-A0D2-6010755F4EB7}.Release|Any CPU.ActiveCfg = Release|Any CPU
		{69741EC7-D4BE-4E32-A0D2-6010755F4EB7}.Release|Any CPU.Build.0 = Release|Any CPU
	EndGlobalSection
	GlobalSection(SolutionProperties) = preSolution
		HideSolutionNode = FALSE
	EndGlobalSection
	GlobalSection(ExtensibilityGlobals) = postSolution
		SolutionGuid = {4946F33B-3DBA-4CD5-BA2E-042A62EFE22A}
	EndGlobalSection
EndGlobal
