
Microsoft Visual Studio Solution File, Format Version 12.00
# Visual Studio Version 17
VisualStudioVersion = 17.0.32014.148
MinimumVisualStudioVersion = 10.0.40219.1
Project("{FAE04EC0-301F-11D3-BF4B-00C04F79EFBC}") = "StudentManager_Winforms", "StudentManager_Winforms\StudentManager_Winforms.csproj", "{2357D05D-3603-4A86-9DA1-C7B8793593DC}"
EndProject
Global
	GlobalSection(SolutionConfigurationPlatforms) = preSolution
		Debug|Any CPU = Debug|Any CPU
		Release|Any CPU = Release|Any CPU
	EndGlobalSection
	GlobalSection(ProjectConfigurationPlatforms) = postSolution
		{2357D05D-3603-4A86-9DA1-C7B8793593DC}.Debug|Any CPU.ActiveCfg = Debug|Any CPU
		{2357D05D-3603-4A86-9DA1-C7B8793593DC}.Debug|Any CPU.Build.0 = Debug|Any CPU
		{2357D05D-3603-4A86-9DA1-C7B8793593DC}.Release|Any CPU.ActiveCfg = Release|Any CPU
		{2357D05D-3603-4A86-9DA1-C7B8793593DC}.Release|Any CPU.Build.0 = Release|Any CPU
	EndGlobalSection
	GlobalSection(SolutionProperties) = preSolution
		HideSolutionNode = FALSE
	EndGlobalSection
	GlobalSection(ExtensibilityGlobals) = postSolution
		SolutionGuid = {4946F33B-3DBA-4CD5-BA2E-042A62EFE22A}
	EndGlobalSection
EndGlobal
